
Microsoft Visual Studio Solution File, Format Version 12.00
# Visual Studio Version 16
VisualStudioVersion = 16.0.29709.97
MinimumVisualStudioVersion = 10.0.40219.1
Project("{FAE04EC0-301F-11D3-BF4B-00C04F79EFBC}") = "ImageProcessing.CannySobelEdgeDetection", "ImageProcessing.CannySobelEdgeDetection\ImageProcessing.CannySobelEdgeDetection.csproj", "{DBCDAF3B-DC96-4085-A1D6-9A0EE3EA22B0}"
EndProject
Global
	GlobalSection(SolutionConfigurationPlatforms) = preSolution
		Debug|Any CPU = Debug|Any CPU
		Release|Any CPU = Release|Any CPU
	EndGlobalSection
	GlobalSection(ProjectConfigurationPlatforms) = postSolution
		{DBCDAF3B-DC96-4085-A1D6-9A0EE3EA22B0}.Debug|Any CPU.ActiveCfg = Debug|Any CPU
		{DBCDAF3B-DC96-4085-A1D6-9A0EE3EA22B0}.Debug|Any CPU.Build.0 = Debug|Any CPU
		{DBCDAF3B-DC96-4085-A1D6-9A0EE3EA22B0}.Release|Any CPU.ActiveCfg = Release|Any CPU
		{DBCDAF3B-DC96-4085-A1D6-9A0EE3EA22B0}.Release|Any CPU.Build.0 = Release|Any CPU
	EndGlobalSection
	GlobalSection(SolutionProperties) = preSolution
		HideSolutionNode = FALSE
	EndGlobalSection
	GlobalSection(ExtensibilityGlobals) = postSolution
		SolutionGuid = {C0BC0805-D855-4E4B-9392-B099DA23C766}
	EndGlobalSection
EndGlobal
